
Microsoft Visual Studio Solution File, Format Version 12.00
# Visual Studio Version 17
VisualStudioVersion = 17.10.34928.147
MinimumVisualStudioVersion = 10.0.40219.1
Project("{9A19103F-16F7-4668-BE54-9A1E7A4F7556}") = "FooBarTask", "FooBarTask\FooBarTask.csproj", "{0C401F44-7328-4EA2-9C71-A824654ACDA2}"
EndProject
Project("{9A19103F-16F7-4668-BE54-9A1E7A4F7556}") = "FooBarTask.Test", "FooBarTaks.Test\FooBarTask.Test.csproj", "{010FB4BF-31FB-4753-8645-5B021E418EFC}"
EndProject
Global
	GlobalSection(SolutionConfigurationPlatforms) = preSolution
		Debug|Any CPU = Debug|Any CPU
		Release|Any CPU = Release|Any CPU
	EndGlobalSection
	GlobalSection(ProjectConfigurationPlatforms) = postSolution
		{0C401F44-7328-4EA2-9C71-A824654ACDA2}.Debug|Any CPU.ActiveCfg = Debug|Any CPU
		{0C401F44-7328-4EA2-9C71-A824654ACDA2}.Debug|Any CPU.Build.0 = Debug|Any CPU
		{0C401F44-7328-4EA2-9C71-A824654ACDA2}.Release|Any CPU.ActiveCfg = Release|Any CPU
		{0C401F44-7328-4EA2-9C71-A824654ACDA2}.Release|Any CPU.Build.0 = Release|Any CPU
		{010FB4BF-31FB-4753-8645-5B021E418EFC}.Debug|Any CPU.ActiveCfg = Debug|Any CPU
		{010FB4BF-31FB-4753-8645-5B021E418EFC}.Debug|Any CPU.Build.0 = Debug|Any CPU
		{010FB4BF-31FB-4753-8645-5B021E418EFC}.Release|Any CPU.ActiveCfg = Release|Any CPU
		{010FB4BF-31FB-4753-8645-5B021E418EFC}.Release|Any CPU.Build.0 = Release|Any CPU
	EndGlobalSection
	GlobalSection(SolutionProperties) = preSolution
		HideSolutionNode = FALSE
	EndGlobalSection
	GlobalSection(ExtensibilityGlobals) = postSolution
		SolutionGuid = {75ECF3F1-556F-4F22-98FF-4AB57D7ACF6D}
	EndGlobalSection
EndGlobal
